
Microsoft Visual Studio Solution File, Format Version 12.00
# Visual Studio Version 16
VisualStudioVersion = 16.0.32228.343
MinimumVisualStudioVersion = 10.0.40219.1
Project("{2150E333-8FDC-42A3-9474-1A3956D46DE8}") = "FormAppSample", "FormAppSample", "{56650EA8-1309-475E-ABF7-D5C91AD0D40F}"
EndProject
Project("{FAE04EC0-301F-11D3-BF4B-00C04F79EFBC}") = "Sample0607", "FormAppSample\Sample0607\Sample0607.csproj", "{95CBBBF1-1E4D-4FA1-9130-2DDF713C47C7}"
EndProject
Project("{2150E333-8FDC-42A3-9474-1A3956D46DE8}") = "Chapter02", "Chapter02", "{97AE4FC7-4EB6-41F3-8453-2CEB13966DF3}"
EndProject
Project("{FAE04EC0-301F-11D3-BF4B-00C04F79EFBC}") = "DistanceConverter", "Chapter02\DistanceConverter\DistanceConverter.csproj", "{13001123-3233-4D03-8783-8668D3B21878}"
EndProject
Project("{FAE04EC0-301F-11D3-BF4B-00C04F79EFBC}") = "Exercise", "Chapter02\Exercise\Exercise.csproj", "{DDAAAD6D-003F-402D-9943-B901ED214B3A}"
EndProject
Project("{FAE04EC0-301F-11D3-BF4B-00C04F79EFBC}") = "Exercise02", "Chapter02\Exercise02\Exercise02.csproj", "{96A038B6-05C8-4F6F-B738-1A5E088892B0}"
EndProject
Project("{FAE04EC0-301F-11D3-BF4B-00C04F79EFBC}") = "Exercise03", "Chapter02\Exercise03\Exercise03.csproj", "{2D30A8F1-39F5-4FCE-A94A-D159FE4D5937}"
EndProject
Project("{FAE04EC0-301F-11D3-BF4B-00C04F79EFBC}") = "SalesCalculator", "Chapter02\SalesCalculator\SalesCalculator.csproj", "{20C413BE-4551-4989-B53B-3FB0C7C59421}"
EndProject
Project("{2150E333-8FDC-42A3-9474-1A3956D46DE8}") = "Chapter03", "Chapter03", "{7A207802-637B-4EDE-9F20-55DFD7CA4C78}"
EndProject
Project("{2150E333-8FDC-42A3-9474-1A3956D46DE8}") = "Chapter05", "Chapter05", "{BFE4196E-0629-41B1-A6EA-DA6F879B8810}"
EndProject
Project("{2150E333-8FDC-42A3-9474-1A3956D46DE8}") = "Chapter06", "Chapter06", "{7F39F510-21AF-4C6A-B5DE-1D88047E47CC}"
EndProject
Project("{FAE04EC0-301F-11D3-BF4B-00C04F79EFBC}") = "Exercise01", "Chapter03\Exercise01\Exercise01.csproj", "{844F3F76-9F30-4E9F-816A-0C266AF5CB2F}"
EndProject
Project("{FAE04EC0-301F-11D3-BF4B-00C04F79EFBC}") = "Exercise02", "Chapter03\Exercise02\Exercise02.csproj", "{3778752C-9B75-47BA-826D-9BE77B2A793A}"
EndProject
Project("{FAE04EC0-301F-11D3-BF4B-00C04F79EFBC}") = "Section01", "Chapter03\Section01\Section01.csproj", "{6A0F8E36-ED56-4AD8-B750-B5D4B60FF375}"
EndProject
Project("{FAE04EC0-301F-11D3-BF4B-00C04F79EFBC}") = "Section04", "Chapter03\Section04\Section04.csproj", "{CFCB0D1D-73E2-4F03-AA92-85F06CB51E62}"
EndProject
Project("{2150E333-8FDC-42A3-9474-1A3956D46DE8}") = "Chapter04", "Chapter04", "{D6D2C351-BE97-4983-9C10-5E5CCBFA302E}"
EndProject
Project("{FAE04EC0-301F-11D3-BF4B-00C04F79EFBC}") = "Exercise01", "Chapter04\Exercise01\Exercise01.csproj", "{D81420FF-C5D2-4902-9520-65BB29EAACE7}"
EndProject
Project("{FAE04EC0-301F-11D3-BF4B-00C04F79EFBC}") = "Exercise02", "Chapter04\Exercise02\Exercise02.csproj", "{B2CC41AB-36F9-4778-9A9E-9BF923B6F638}"
EndProject
Project("{FAE04EC0-301F-11D3-BF4B-00C04F79EFBC}") = "Exercise01", "Chapter05\Exercise01\Exercise01.csproj", "{4A19A3E4-7B1A-4F8B-AB1E-5ABB343F3DAB}"
EndProject
Project("{FAE04EC0-301F-11D3-BF4B-00C04F79EFBC}") = "Exercise02", "Chapter05\Exercise02\Exercise02.csproj", "{08FBB801-CD38-428A-BA3D-FD136DF7E9F5}"
EndProject
Project("{FAE04EC0-301F-11D3-BF4B-00C04F79EFBC}") = "Exercise03", "Chapter05\Exercise03\Exercise03.csproj", "{4B16C944-E388-40E9-9194-221DB141B5A1}"
EndProject
Project("{FAE04EC0-301F-11D3-BF4B-00C04F79EFBC}") = "Exercise04", "Chapter05\Exercise04\Exercise04.csproj", "{B1FB0A50-0D9D-4D55-ABC5-FAEBEBB44028}"
EndProject
Project("{FAE04EC0-301F-11D3-BF4B-00C04F79EFBC}") = "Exercise01", "Chapter06\Exercise01\Exercise01.csproj", "{BCA9DCF9-7F6A-4614-99B0-3E5952C9EC0D}"
EndProject
Project("{FAE04EC0-301F-11D3-BF4B-00C04F79EFBC}") = "Exercise02", "Chapter06\Exercise02\Exercise02.csproj", "{4131D2D6-9EF0-42F9-8E23-2E27E55D3DA1}"
EndProject
Project("{FAE04EC0-301F-11D3-BF4B-00C04F79EFBC}") = "Newber Game", "FormAppSample\Newber Game\Newber Game.csproj", "{961EEFAB-B001-4F3E-8A96-98904B5DE205}"
EndProject
Project("{FAE04EC0-301F-11D3-BF4B-00C04F79EFBC}") = "AddressBook", "FormAppSample\AddressBook\AddressBook.csproj", "{1047707C-659C-4413-9C28-4F3907BF006B}"
EndProject
Project("{2150E333-8FDC-42A3-9474-1A3956D46DE8}") = "Test202206", "Test202206", "{52C142AB-ADB1-4DA2-8A50-5C37AB3320B3}"
EndProject
Project("{FAE04EC0-301F-11D3-BF4B-00C04F79EFBC}") = "Test01", "Test202206\TestProject\Test01\Test01.csproj", "{2BFACDC3-F44D-4199-8498-F5C3C4AC0335}"
EndProject
Project("{FAE04EC0-301F-11D3-BF4B-00C04F79EFBC}") = "Test02", "Test202206\TestProject\Test02\Test02.csproj", "{E461C0A8-8900-485C-B520-E929BA33F712}"
EndProject
Project("{2150E333-8FDC-42A3-9474-1A3956D46DE8}") = "Chapter11", "Chapter11", "{8C18334B-2080-47FA-AABF-B75F55B89C84}"
EndProject
Project("{FAE04EC0-301F-11D3-BF4B-00C04F79EFBC}") = "XmlSample", "Chapter11\XmlSample\XmlSample.csproj", "{BE3AB301-0978-4DA2-B2AB-4AD682875F3E}"
EndProject
Project("{FAE04EC0-301F-11D3-BF4B-00C04F79EFBC}") = "RSSReader", "Chapter11\RSSReader\RSSReader.csproj", "{F471F99C-3ADB-4DE3-ADA3-EC7CC9F8B4D7}"
EndProject
Project("{FAE04EC0-301F-11D3-BF4B-00C04F79EFBC}") = "Exercise01", "Chapter11\Exercise01\Exercise01.csproj", "{740F8322-11D1-49C2-B949-4D22DFD7BBBF}"
EndProject
Project("{2150E333-8FDC-42A3-9474-1A3956D46DE8}") = "Chapter12", "Chapter12", "{D0004997-646C-4229-93B9-C15C2B555EAA}"
EndProject
Project("{FAE04EC0-301F-11D3-BF4B-00C04F79EFBC}") = "Section01", "Chapter12\Section01\Section01.csproj", "{39B1BA83-197D-4DF2-811B-67ACA558AE50}"
EndProject
Project("{FAE04EC0-301F-11D3-BF4B-00C04F79EFBC}") = "Section02", "Chapter12\Section02\Section02.csproj", "{F67D2BB9-93D2-4627-A310-189396DBA219}"
EndProject
Project("{FAE04EC0-301F-11D3-BF4B-00C04F79EFBC}") = "Exercise01", "Chapter12\Exercise01\Exercise01.csproj", "{40EB6690-EBF7-4F89-881B-67F299640831}"
EndProject
Project("{FAE04EC0-301F-11D3-BF4B-00C04F79EFBC}") = "Exercise02", "Chapter12\Exercise02\Exercise02.csproj", "{4EAF02BF-5D5D-474B-B140-215FE99BDCC4}"
EndProject
Project("{2150E333-8FDC-42A3-9474-1A3956D46DE8}") = "CarReportSystem", "CarReportSystem", "{25A93BB8-71B7-4590-A577-316135B04345}"
EndProject
Project("{FAE04EC0-301F-11D3-BF4B-00C04F79EFBC}") = "CarReportSystem", "CarReportSystem\CarReportSystem\CarReportSystem.csproj", "{ABB2778F-1E8B-45D5-8986-068F54301DBF}"
EndProject
Project("{2150E333-8FDC-42A3-9474-1A3956D46DE8}") = "DesiginPattern", "DesiginPattern", "{1D882CCD-5B7F-4516-B7B5-E69E1CE9EDC5}"
EndProject
Project("{FAE04EC0-301F-11D3-BF4B-00C04F79EFBC}") = "SingletonSample", "DesignPattern\SingletonSample\SingletonSample.csproj", "{889DB3BC-ECDE-4DBD-A615-D19684922B17}"
EndProject
Project("{2150E333-8FDC-42A3-9474-1A3956D46DE8}") = "Chapter17", "Chapter17", "{42A6231B-5321-44E4-8AF8-A33477125F8A}"
EndProject
Project("{FAE04EC0-301F-11D3-BF4B-00C04F79EFBC}") = "Section01", "Chapter17\Section01\Section01.csproj", "{2F861392-88CF-44EA-A3E2-F5F2AD52E220}"
EndProject
Project("{2150E333-8FDC-42A3-9474-1A3956D46DE8}") = "TemplateMethod", "TemplateMethod", "{E20FE027-818E-4648-9958-1217D115815C}"
EndProject
Project("{FAE04EC0-301F-11D3-BF4B-00C04F79EFBC}") = "TextFileProcessor", "Chapter17\TemplateMethod\TextFileProcessor\TextFileProcessor.csproj", "{6520BCBD-E7E2-4601-AA32-BE2658F1F627}"
EndProject
Project("{FAE04EC0-301F-11D3-BF4B-00C04F79EFBC}") = "LineCounter", "Chapter17\TemplateMethod\LineCounter\LineCounter.csproj", "{4D1A8807-D808-4188-A4B7-B48960BD40E3}"
EndProject
Project("{FAE04EC0-301F-11D3-BF4B-00C04F79EFBC}") = "Exercise1", "Chapter17\Exercise1\Exercise1\Exercise1.csproj", "{718C0554-DF97-4F7B-911F-ECFFE506D328}"
EndProject
Project("{2150E333-8FDC-42A3-9474-1A3956D46DE8}") = "Strategy", "Strategy", "{965F0C59-BCF7-4193-9381-5B67A2106157}"
EndProject
Project("{FAE04EC0-301F-11D3-BF4B-00C04F79EFBC}") = "DistanceConverter", "Chapter17\Strategy\DistanceConverter\DistanceConverter.csproj", "{5564509F-FDD3-43E5-A4AA-88A899333B30}"
EndProject
Project("{2150E333-8FDC-42A3-9474-1A3956D46DE8}") = "ADONET", "ADONET", "{A68DB001-9C71-4DB2-A201-D89C63C52FBA}"
EndProject
Project("{FAE04EC0-301F-11D3-BF4B-00C04F79EFBC}") = "DateBaseSample", "ADONET\DateBaseSample\DateBaseSample.csproj", "{A2E7B87D-22E5-45A8-A2D7-EC79AB113E28}"
EndProject
Project("{FAE04EC0-301F-11D3-BF4B-00C04F79EFBC}") = "AddressBook", "ADONET\AddressBook\AddressBook.csproj", "{69BFDF54-CA4D-46A2-9F5F-56770670B284}"
EndProject
Project("{2150E333-8FDC-42A3-9474-1A3956D46DE8}") = "Chapter13", "Chapter13", "{8D766E68-50A7-4F48-9E15-E5EF48481903}"
EndProject
Project("{FAE04EC0-301F-11D3-BF4B-00C04F79EFBC}") = "SampleEntityFramework", "Chapter13\SampleEntityFramework\SampleEntityFramework.csproj", "{6ABA64B2-CC13-4DD2-A7FC-D149889D833D}"
EndProject
Project("{2150E333-8FDC-42A3-9474-1A3956D46DE8}") = "Chapter15", "Chapter15", "{DEA290A9-5585-4373-9944-DA22F56EA8B6}"
EndProject
Project("{FAE04EC0-301F-11D3-BF4B-00C04F79EFBC}") = "Chapter15", "Chapter15\Chapter15\Chapter15.csproj", "{2F61E52F-632C-442C-89F0-90FB76875CC2}"
EndProject
Project("{FAE04EC0-301F-11D3-BF4B-00C04F79EFBC}") = "Exercise1", "Chapter15\Chapter15\Exercise1\Exercise1.csproj", "{68562C23-6916-4478-8D6A-D518647E4B28}"
EndProject
Project("{2150E333-8FDC-42A3-9474-1A3956D46DE8}") = "WPF", "WPF", "{B1A62234-FC45-42C1-ABD0-01716F7EAAD4}"
EndProject
Project("{FAE04EC0-301F-11D3-BF4B-00C04F79EFBC}") = "SampleApplication", "WPF\SampleApplication\SampleApplication.csproj", "{5260AC94-563F-40B8-9E6A-5A846EF05BAE}"
EndProject
Project("{FAE04EC0-301F-11D3-BF4B-00C04F79EFBC}") = "NumberGeme", "WPF\NumberGeme\NumberGeme.csproj", "{608D8BD9-638E-4A35-B8A3-0403D40AFF1D}"
EndProject
Project("{FAE04EC0-301F-11D3-BF4B-00C04F79EFBC}") = "SampleSlider", "WPF\SampleSlider\SampleSlider.csproj", "{BEF266F1-D75F-4593-9421-2B56D4525716}"
EndProject
Project("{FAE04EC0-301F-11D3-BF4B-00C04F79EFBC}") = "SampleUnitConveter", "WPF\SampleUnitConveter\SampleUnitConveter.csproj", "{C76D2789-9D6E-42A3-9FB2-2CB0CB9F991A}"
EndProject
Project("{FAE04EC0-301F-11D3-BF4B-00C04F79EFBC}") = "CollerChecker", "WPF\CollerChecker\CollerChecker.csproj", "{20830933-646E-492B-A5C0-860240D67E55}"
EndProject
Project("{2150E333-8FDC-42A3-9474-1A3956D46DE8}") = "Chapter14", "Chapter14", "{D2C83C4E-CD8B-4CBB-A65D-E8E8042FB6F4}"
EndProject
Project("{FAE04EC0-301F-11D3-BF4B-00C04F79EFBC}") = "Section01", "Chapter14\Section01\Section01.csproj", "{F78D281B-C615-40F5-B7A0-A9B6142FC306}"
EndProject
Project("{FAE04EC0-301F-11D3-BF4B-00C04F79EFBC}") = "WeatherApp", "Chapter14\WeatherApp\WeatherApp.csproj", "{81C11E08-B065-474F-BE38-42A82B18068A}"
EndProject
Global
	GlobalSection(SolutionConfigurationPlatforms) = preSolution
		Debug|Any CPU = Debug|Any CPU
		Release|Any CPU = Release|Any CPU
	EndGlobalSection
	GlobalSection(ProjectConfigurationPlatforms) = postSolution
		{95CBBBF1-1E4D-4FA1-9130-2DDF713C47C7}.Debug|Any CPU.ActiveCfg = Debug|Any CPU
		{95CBBBF1-1E4D-4FA1-9130-2DDF713C47C7}.Debug|Any CPU.Build.0 = Debug|Any CPU
		{95CBBBF1-1E4D-4FA1-9130-2DDF713C47C7}.Release|Any CPU.ActiveCfg = Release|Any CPU
		{95CBBBF1-1E4D-4FA1-9130-2DDF713C47C7}.Release|Any CPU.Build.0 = Release|Any CPU
		{13001123-3233-4D03-8783-8668D3B21878}.Debug|Any CPU.ActiveCfg = Debug|Any CPU
		{13001123-3233-4D03-8783-8668D3B21878}.Debug|Any CPU.Build.0 = Debug|Any CPU
		{13001123-3233-4D03-8783-8668D3B21878}.Release|Any CPU.ActiveCfg = Release|Any CPU
		{13001123-3233-4D03-8783-8668D3B21878}.Release|Any CPU.Build.0 = Release|Any CPU
		{DDAAAD6D-003F-402D-9943-B901ED214B3A}.Debug|Any CPU.ActiveCfg = Debug|Any CPU
		{DDAAAD6D-003F-402D-9943-B901ED214B3A}.Debug|Any CPU.Build.0 = Debug|Any CPU
		{DDAAAD6D-003F-402D-9943-B901ED214B3A}.Release|Any CPU.ActiveCfg = Release|Any CPU
		{DDAAAD6D-003F-402D-9943-B901ED214B3A}.Release|Any CPU.Build.0 = Release|Any CPU
		{96A038B6-05C8-4F6F-B738-1A5E088892B0}.Debug|Any CPU.ActiveCfg = Debug|Any CPU
		{96A038B6-05C8-4F6F-B738-1A5E088892B0}.Debug|Any CPU.Build.0 = Debug|Any CPU
		{96A038B6-05C8-4F6F-B738-1A5E088892B0}.Release|Any CPU.ActiveCfg = Release|Any CPU
		{96A038B6-05C8-4F6F-B738-1A5E088892B0}.Release|Any CPU.Build.0 = Release|Any CPU
		{2D30A8F1-39F5-4FCE-A94A-D159FE4D5937}.Debug|Any CPU.ActiveCfg = Debug|Any CPU
		{2D30A8F1-39F5-4FCE-A94A-D159FE4D5937}.Debug|Any CPU.Build.0 = Debug|Any CPU
		{2D30A8F1-39F5-4FCE-A94A-D159FE4D5937}.Release|Any CPU.ActiveCfg = Release|Any CPU
		{2D30A8F1-39F5-4FCE-A94A-D159FE4D5937}.Release|Any CPU.Build.0 = Release|Any CPU
		{20C413BE-4551-4989-B53B-3FB0C7C59421}.Debug|Any CPU.ActiveCfg = Debug|Any CPU
		{20C413BE-4551-4989-B53B-3FB0C7C59421}.Debug|Any CPU.Build.0 = Debug|Any CPU
		{20C413BE-4551-4989-B53B-3FB0C7C59421}.Release|Any CPU.ActiveCfg = Release|Any CPU
		{20C413BE-4551-4989-B53B-3FB0C7C59421}.Release|Any CPU.Build.0 = Release|Any CPU
		{844F3F76-9F30-4E9F-816A-0C266AF5CB2F}.Debug|Any CPU.ActiveCfg = Debug|Any CPU
		{844F3F76-9F30-4E9F-816A-0C266AF5CB2F}.Debug|Any CPU.Build.0 = Debug|Any CPU
		{844F3F76-9F30-4E9F-816A-0C266AF5CB2F}.Release|Any CPU.ActiveCfg = Release|Any CPU
		{844F3F76-9F30-4E9F-816A-0C266AF5CB2F}.Release|Any CPU.Build.0 = Release|Any CPU
		{3778752C-9B75-47BA-826D-9BE77B2A793A}.Debug|Any CPU.ActiveCfg = Debug|Any CPU
		{3778752C-9B75-47BA-826D-9BE77B2A793A}.Debug|Any CPU.Build.0 = Debug|Any CPU
		{3778752C-9B75-47BA-826D-9BE77B2A793A}.Release|Any CPU.ActiveCfg = Release|Any CPU
		{3778752C-9B75-47BA-826D-9BE77B2A793A}.Release|Any CPU.Build.0 = Release|Any CPU
		{6A0F8E36-ED56-4AD8-B750-B5D4B60FF375}.Debug|Any CPU.ActiveCfg = Debug|Any CPU
		{6A0F8E36-ED56-4AD8-B750-B5D4B60FF375}.Debug|Any CPU.Build.0 = Debug|Any CPU
		{6A0F8E36-ED56-4AD8-B750-B5D4B60FF375}.Release|Any CPU.ActiveCfg = Release|Any CPU
		{6A0F8E36-ED56-4AD8-B750-B5D4B60FF375}.Release|Any CPU.Build.0 = Release|Any CPU
		{CFCB0D1D-73E2-4F03-AA92-85F06CB51E62}.Debug|Any CPU.ActiveCfg = Debug|Any CPU
		{CFCB0D1D-73E2-4F03-AA92-85F06CB51E62}.Debug|Any CPU.Build.0 = Debug|Any CPU
		{CFCB0D1D-73E2-4F03-AA92-85F06CB51E62}.Release|Any CPU.ActiveCfg = Release|Any CPU
		{CFCB0D1D-73E2-4F03-AA92-85F06CB51E62}.Release|Any CPU.Build.0 = Release|Any CPU
		{D81420FF-C5D2-4902-9520-65BB29EAACE7}.Debug|Any CPU.ActiveCfg = Debug|Any CPU
		{D81420FF-C5D2-4902-9520-65BB29EAACE7}.Debug|Any CPU.Build.0 = Debug|Any CPU
		{D81420FF-C5D2-4902-9520-65BB29EAACE7}.Release|Any CPU.ActiveCfg = Release|Any CPU
		{D81420FF-C5D2-4902-9520-65BB29EAACE7}.Release|Any CPU.Build.0 = Release|Any CPU
		{B2CC41AB-36F9-4778-9A9E-9BF923B6F638}.Debug|Any CPU.ActiveCfg = Debug|Any CPU
		{B2CC41AB-36F9-4778-9A9E-9BF923B6F638}.Debug|Any CPU.Build.0 = Debug|Any CPU
		{B2CC41AB-36F9-4778-9A9E-9BF923B6F638}.Release|Any CPU.ActiveCfg = Release|Any CPU
		{B2CC41AB-36F9-4778-9A9E-9BF923B6F638}.Release|Any CPU.Build.0 = Release|Any CPU
		{4A19A3E4-7B1A-4F8B-AB1E-5ABB343F3DAB}.Debug|Any CPU.ActiveCfg = Debug|Any CPU
		{4A19A3E4-7B1A-4F8B-AB1E-5ABB343F3DAB}.Debug|Any CPU.Build.0 = Debug|Any CPU
		{4A19A3E4-7B1A-4F8B-AB1E-5ABB343F3DAB}.Release|Any CPU.ActiveCfg = Release|Any CPU
		{4A19A3E4-7B1A-4F8B-AB1E-5ABB343F3DAB}.Release|Any CPU.Build.0 = Release|Any CPU
		{08FBB801-CD38-428A-BA3D-FD136DF7E9F5}.Debug|Any CPU.ActiveCfg = Debug|Any CPU
		{08FBB801-CD38-428A-BA3D-FD136DF7E9F5}.Debug|Any CPU.Build.0 = Debug|Any CPU
		{08FBB801-CD38-428A-BA3D-FD136DF7E9F5}.Release|Any CPU.ActiveCfg = Release|Any CPU
		{08FBB801-CD38-428A-BA3D-FD136DF7E9F5}.Release|Any CPU.Build.0 = Release|Any CPU
		{4B16C944-E388-40E9-9194-221DB141B5A1}.Debug|Any CPU.ActiveCfg = Debug|Any CPU
		{4B16C944-E388-40E9-9194-221DB141B5A1}.Debug|Any CPU.Build.0 = Debug|Any CPU
		{4B16C944-E388-40E9-9194-221DB141B5A1}.Release|Any CPU.ActiveCfg = Release|Any CPU
		{4B16C944-E388-40E9-9194-221DB141B5A1}.Release|Any CPU.Build.0 = Release|Any CPU
		{B1FB0A50-0D9D-4D55-ABC5-FAEBEBB44028}.Debug|Any CPU.ActiveCfg = Debug|Any CPU
		{B1FB0A50-0D9D-4D55-ABC5-FAEBEBB44028}.Debug|Any CPU.Build.0 = Debug|Any CPU
		{B1FB0A50-0D9D-4D55-ABC5-FAEBEBB44028}.Release|Any CPU.ActiveCfg = Release|Any CPU
		{B1FB0A50-0D9D-4D55-ABC5-FAEBEBB44028}.Release|Any CPU.Build.0 = Release|Any CPU
		{BCA9DCF9-7F6A-4614-99B0-3E5952C9EC0D}.Debug|Any CPU.ActiveCfg = Debug|Any CPU
		{BCA9DCF9-7F6A-4614-99B0-3E5952C9EC0D}.Debug|Any CPU.Build.0 = Debug|Any CPU
		{BCA9DCF9-7F6A-4614-99B0-3E5952C9EC0D}.Release|Any CPU.ActiveCfg = Release|Any CPU
		{BCA9DCF9-7F6A-4614-99B0-3E5952C9EC0D}.Release|Any CPU.Build.0 = Release|Any CPU
		{4131D2D6-9EF0-42F9-8E23-2E27E55D3DA1}.Debug|Any CPU.ActiveCfg = Debug|Any CPU
		{4131D2D6-9EF0-42F9-8E23-2E27E55D3DA1}.Debug|Any CPU.Build.0 = Debug|Any CPU
		{4131D2D6-9EF0-42F9-8E23-2E27E55D3DA1}.Release|Any CPU.ActiveCfg = Release|Any CPU
		{4131D2D6-9EF0-42F9-8E23-2E27E55D3DA1}.Release|Any CPU.Build.0 = Release|Any CPU
		{961EEFAB-B001-4F3E-8A96-98904B5DE205}.Debug|Any CPU.ActiveCfg = Debug|Any CPU
		{961EEFAB-B001-4F3E-8A96-98904B5DE205}.Debug|Any CPU.Build.0 = Debug|Any CPU
		{961EEFAB-B001-4F3E-8A96-98904B5DE205}.Release|Any CPU.ActiveCfg = Release|Any CPU
		{961EEFAB-B001-4F3E-8A96-98904B5DE205}.Release|Any CPU.Build.0 = Release|Any CPU
		{1047707C-659C-4413-9C28-4F3907BF006B}.Debug|Any CPU.ActiveCfg = Debug|Any CPU
		{1047707C-659C-4413-9C28-4F3907BF006B}.Debug|Any CPU.Build.0 = Debug|Any CPU
		{1047707C-659C-4413-9C28-4F3907BF006B}.Release|Any CPU.ActiveCfg = Release|Any CPU
		{1047707C-659C-4413-9C28-4F3907BF006B}.Release|Any CPU.Build.0 = Release|Any CPU
		{2BFACDC3-F44D-4199-8498-F5C3C4AC0335}.Debug|Any CPU.ActiveCfg = Debug|Any CPU
		{2BFACDC3-F44D-4199-8498-F5C3C4AC0335}.Debug|Any CPU.Build.0 = Debug|Any CPU
		{2BFACDC3-F44D-4199-8498-F5C3C4AC0335}.Release|Any CPU.ActiveCfg = Release|Any CPU
		{2BFACDC3-F44D-4199-8498-F5C3C4AC0335}.Release|Any CPU.Build.0 = Release|Any CPU
		{E461C0A8-8900-485C-B520-E929BA33F712}.Debug|Any CPU.ActiveCfg = Debug|Any CPU
		{E461C0A8-8900-485C-B520-E929BA33F712}.Debug|Any CPU.Build.0 = Debug|Any CPU
		{E461C0A8-8900-485C-B520-E929BA33F712}.Release|Any CPU.ActiveCfg = Release|Any CPU
		{E461C0A8-8900-485C-B520-E929BA33F712}.Release|Any CPU.Build.0 = Release|Any CPU
		{BE3AB301-0978-4DA2-B2AB-4AD682875F3E}.Debug|Any CPU.ActiveCfg = Debug|Any CPU
		{BE3AB301-0978-4DA2-B2AB-4AD682875F3E}.Debug|Any CPU.Build.0 = Debug|Any CPU
		{BE3AB301-0978-4DA2-B2AB-4AD682875F3E}.Release|Any CPU.ActiveCfg = Release|Any CPU
		{BE3AB301-0978-4DA2-B2AB-4AD682875F3E}.Release|Any CPU.Build.0 = Release|Any CPU
		{F471F99C-3ADB-4DE3-ADA3-EC7CC9F8B4D7}.Debug|Any CPU.ActiveCfg = Debug|Any CPU
		{F471F99C-3ADB-4DE3-ADA3-EC7CC9F8B4D7}.Debug|Any CPU.Build.0 = Debug|Any CPU
		{F471F99C-3ADB-4DE3-ADA3-EC7CC9F8B4D7}.Release|Any CPU.ActiveCfg = Release|Any CPU
		{F471F99C-3ADB-4DE3-ADA3-EC7CC9F8B4D7}.Release|Any CPU.Build.0 = Release|Any CPU
		{740F8322-11D1-49C2-B949-4D22DFD7BBBF}.Debug|Any CPU.ActiveCfg = Debug|Any CPU
		{740F8322-11D1-49C2-B949-4D22DFD7BBBF}.Debug|Any CPU.Build.0 = Debug|Any CPU
		{740F8322-11D1-49C2-B949-4D22DFD7BBBF}.Release|Any CPU.ActiveCfg = Release|Any CPU
		{740F8322-11D1-49C2-B949-4D22DFD7BBBF}.Release|Any CPU.Build.0 = Release|Any CPU
		{39B1BA83-197D-4DF2-811B-67ACA558AE50}.Debug|Any CPU.ActiveCfg = Debug|Any CPU
		{39B1BA83-197D-4DF2-811B-67ACA558AE50}.Debug|Any CPU.Build.0 = Debug|Any CPU
		{39B1BA83-197D-4DF2-811B-67ACA558AE50}.Release|Any CPU.ActiveCfg = Release|Any CPU
		{39B1BA83-197D-4DF2-811B-67ACA558AE50}.Release|Any CPU.Build.0 = Release|Any CPU
		{F67D2BB9-93D2-4627-A310-189396DBA219}.Debug|Any CPU.ActiveCfg = Debug|Any CPU
		{F67D2BB9-93D2-4627-A310-189396DBA219}.Debug|Any CPU.Build.0 = Debug|Any CPU
		{F67D2BB9-93D2-4627-A310-189396DBA219}.Release|Any CPU.ActiveCfg = Release|Any CPU
		{F67D2BB9-93D2-4627-A310-189396DBA219}.Release|Any CPU.Build.0 = Release|Any CPU
		{40EB6690-EBF7-4F89-881B-67F299640831}.Debug|Any CPU.ActiveCfg = Debug|Any CPU
		{40EB6690-EBF7-4F89-881B-67F299640831}.Debug|Any CPU.Build.0 = Debug|Any CPU
		{40EB6690-EBF7-4F89-881B-67F299640831}.Release|Any CPU.ActiveCfg = Release|Any CPU
		{40EB6690-EBF7-4F89-881B-67F299640831}.Release|Any CPU.Build.0 = Release|Any CPU
		{4EAF02BF-5D5D-474B-B140-215FE99BDCC4}.Debug|Any CPU.ActiveCfg = Debug|Any CPU
		{4EAF02BF-5D5D-474B-B140-215FE99BDCC4}.Debug|Any CPU.Build.0 = Debug|Any CPU
		{4EAF02BF-5D5D-474B-B140-215FE99BDCC4}.Release|Any CPU.ActiveCfg = Release|Any CPU
		{4EAF02BF-5D5D-474B-B140-215FE99BDCC4}.Release|Any CPU.Build.0 = Release|Any CPU
		{ABB2778F-1E8B-45D5-8986-068F54301DBF}.Debug|Any CPU.ActiveCfg = Debug|Any CPU
		{ABB2778F-1E8B-45D5-8986-068F54301DBF}.Debug|Any CPU.Build.0 = Debug|Any CPU
		{ABB2778F-1E8B-45D5-8986-068F54301DBF}.Release|Any CPU.ActiveCfg = Release|Any CPU
		{ABB2778F-1E8B-45D5-8986-068F54301DBF}.Release|Any CPU.Build.0 = Release|Any CPU
		{889DB3BC-ECDE-4DBD-A615-D19684922B17}.Debug|Any CPU.ActiveCfg = Debug|Any CPU
		{889DB3BC-ECDE-4DBD-A615-D19684922B17}.Debug|Any CPU.Build.0 = Debug|Any CPU
		{889DB3BC-ECDE-4DBD-A615-D19684922B17}.Release|Any CPU.ActiveCfg = Release|Any CPU
		{889DB3BC-ECDE-4DBD-A615-D19684922B17}.Release|Any CPU.Build.0 = Release|Any CPU
		{2F861392-88CF-44EA-A3E2-F5F2AD52E220}.Debug|Any CPU.ActiveCfg = Debug|Any CPU
		{2F861392-88CF-44EA-A3E2-F5F2AD52E220}.Debug|Any CPU.Build.0 = Debug|Any CPU
		{2F861392-88CF-44EA-A3E2-F5F2AD52E220}.Release|Any CPU.ActiveCfg = Release|Any CPU
		{2F861392-88CF-44EA-A3E2-F5F2AD52E220}.Release|Any CPU.Build.0 = Release|Any CPU
		{6520BCBD-E7E2-4601-AA32-BE2658F1F627}.Debug|Any CPU.ActiveCfg = Debug|Any CPU
		{6520BCBD-E7E2-4601-AA32-BE2658F1F627}.Debug|Any CPU.Build.0 = Debug|Any CPU
		{6520BCBD-E7E2-4601-AA32-BE2658F1F627}.Release|Any CPU.ActiveCfg = Release|Any CPU
		{6520BCBD-E7E2-4601-AA32-BE2658F1F627}.Release|Any CPU.Build.0 = Release|Any CPU
		{4D1A8807-D808-4188-A4B7-B48960BD40E3}.Debug|Any CPU.ActiveCfg = Debug|Any CPU
		{4D1A8807-D808-4188-A4B7-B48960BD40E3}.Debug|Any CPU.Build.0 = Debug|Any CPU
		{4D1A8807-D808-4188-A4B7-B48960BD40E3}.Release|Any CPU.ActiveCfg = Release|Any CPU
		{4D1A8807-D808-4188-A4B7-B48960BD40E3}.Release|Any CPU.Build.0 = Release|Any CPU
		{718C0554-DF97-4F7B-911F-ECFFE506D328}.Debug|Any CPU.ActiveCfg = Debug|Any CPU
		{718C0554-DF97-4F7B-911F-ECFFE506D328}.Debug|Any CPU.Build.0 = Debug|Any CPU
		{718C0554-DF97-4F7B-911F-ECFFE506D328}.Release|Any CPU.ActiveCfg = Release|Any CPU
		{718C0554-DF97-4F7B-911F-ECFFE506D328}.Release|Any CPU.Build.0 = Release|Any CPU
		{5564509F-FDD3-43E5-A4AA-88A899333B30}.Debug|Any CPU.ActiveCfg = Debug|Any CPU
		{5564509F-FDD3-43E5-A4AA-88A899333B30}.Debug|Any CPU.Build.0 = Debug|Any CPU
		{5564509F-FDD3-43E5-A4AA-88A899333B30}.Release|Any CPU.ActiveCfg = Release|Any CPU
		{5564509F-FDD3-43E5-A4AA-88A899333B30}.Release|Any CPU.Build.0 = Release|Any CPU
		{A2E7B87D-22E5-45A8-A2D7-EC79AB113E28}.Debug|Any CPU.ActiveCfg = Debug|Any CPU
		{A2E7B87D-22E5-45A8-A2D7-EC79AB113E28}.Debug|Any CPU.Build.0 = Debug|Any CPU
		{A2E7B87D-22E5-45A8-A2D7-EC79AB113E28}.Release|Any CPU.ActiveCfg = Release|Any CPU
		{A2E7B87D-22E5-45A8-A2D7-EC79AB113E28}.Release|Any CPU.Build.0 = Release|Any CPU
		{69BFDF54-CA4D-46A2-9F5F-56770670B284}.Debug|Any CPU.ActiveCfg = Debug|Any CPU
		{69BFDF54-CA4D-46A2-9F5F-56770670B284}.Debug|Any CPU.Build.0 = Debug|Any CPU
		{69BFDF54-CA4D-46A2-9F5F-56770670B284}.Release|Any CPU.ActiveCfg = Release|Any CPU
		{69BFDF54-CA4D-46A2-9F5F-56770670B284}.Release|Any CPU.Build.0 = Release|Any CPU
		{6ABA64B2-CC13-4DD2-A7FC-D149889D833D}.Debug|Any CPU.ActiveCfg = Debug|Any CPU
		{6ABA64B2-CC13-4DD2-A7FC-D149889D833D}.Debug|Any CPU.Build.0 = Debug|Any CPU
		{6ABA64B2-CC13-4DD2-A7FC-D149889D833D}.Release|Any CPU.ActiveCfg = Release|Any CPU
		{6ABA64B2-CC13-4DD2-A7FC-D149889D833D}.Release|Any CPU.Build.0 = Release|Any CPU
		{2F61E52F-632C-442C-89F0-90FB76875CC2}.Debug|Any CPU.ActiveCfg = Debug|Any CPU
		{2F61E52F-632C-442C-89F0-90FB76875CC2}.Debug|Any CPU.Build.0 = Debug|Any CPU
		{2F61E52F-632C-442C-89F0-90FB76875CC2}.Release|Any CPU.ActiveCfg = Release|Any CPU
		{2F61E52F-632C-442C-89F0-90FB76875CC2}.Release|Any CPU.Build.0 = Release|Any CPU
		{68562C23-6916-4478-8D6A-D518647E4B28}.Debug|Any CPU.ActiveCfg = Debug|Any CPU
		{68562C23-6916-4478-8D6A-D518647E4B28}.Debug|Any CPU.Build.0 = Debug|Any CPU
		{68562C23-6916-4478-8D6A-D518647E4B28}.Release|Any CPU.ActiveCfg = Release|Any CPU
		{68562C23-6916-4478-8D6A-D518647E4B28}.Release|Any CPU.Build.0 = Release|Any CPU
		{5260AC94-563F-40B8-9E6A-5A846EF05BAE}.Debug|Any CPU.ActiveCfg = Debug|Any CPU
		{5260AC94-563F-40B8-9E6A-5A846EF05BAE}.Debug|Any CPU.Build.0 = Debug|Any CPU
		{5260AC94-563F-40B8-9E6A-5A846EF05BAE}.Release|Any CPU.ActiveCfg = Release|Any CPU
		{5260AC94-563F-40B8-9E6A-5A846EF05BAE}.Release|Any CPU.Build.0 = Release|Any CPU
		{608D8BD9-638E-4A35-B8A3-0403D40AFF1D}.Debug|Any CPU.ActiveCfg = Debug|Any CPU
		{608D8BD9-638E-4A35-B8A3-0403D40AFF1D}.Debug|Any CPU.Build.0 = Debug|Any CPU
		{608D8BD9-638E-4A35-B8A3-0403D40AFF1D}.Release|Any CPU.ActiveCfg = Release|Any CPU
		{608D8BD9-638E-4A35-B8A3-0403D40AFF1D}.Release|Any CPU.Build.0 = Release|Any CPU
		{BEF266F1-D75F-4593-9421-2B56D4525716}.Debug|Any CPU.ActiveCfg = Debug|Any CPU
		{BEF266F1-D75F-4593-9421-2B56D4525716}.Debug|Any CPU.Build.0 = Debug|Any CPU
		{BEF266F1-D75F-4593-9421-2B56D4525716}.Release|Any CPU.ActiveCfg = Release|Any CPU
		{BEF266F1-D75F-4593-9421-2B56D4525716}.Release|Any CPU.Build.0 = Release|Any CPU
		{C76D2789-9D6E-42A3-9FB2-2CB0CB9F991A}.Debug|Any CPU.ActiveCfg = Debug|Any CPU
		{C76D2789-9D6E-42A3-9FB2-2CB0CB9F991A}.Debug|Any CPU.Build.0 = Debug|Any CPU
		{C76D2789-9D6E-42A3-9FB2-2CB0CB9F991A}.Release|Any CPU.ActiveCfg = Release|Any CPU
		{C76D2789-9D6E-42A3-9FB2-2CB0CB9F991A}.Release|Any CPU.Build.0 = Release|Any CPU
		{20830933-646E-492B-A5C0-860240D67E55}.Debug|Any CPU.ActiveCfg = Debug|Any CPU
		{20830933-646E-492B-A5C0-860240D67E55}.Debug|Any CPU.Build.0 = Debug|Any CPU
		{20830933-646E-492B-A5C0-860240D67E55}.Release|Any CPU.ActiveCfg = Release|Any CPU
		{20830933-646E-492B-A5C0-860240D67E55}.Release|Any CPU.Build.0 = Release|Any CPU
		{F78D281B-C615-40F5-B7A0-A9B6142FC306}.Debug|Any CPU.ActiveCfg = Debug|Any CPU
		{F78D281B-C615-40F5-B7A0-A9B6142FC306}.Debug|Any CPU.Build.0 = Debug|Any CPU
		{F78D281B-C615-40F5-B7A0-A9B6142FC306}.Release|Any CPU.ActiveCfg = Release|Any CPU
		{F78D281B-C615-40F5-B7A0-A9B6142FC306}.Release|Any CPU.Build.0 = Release|Any CPU
		{81C11E08-B065-474F-BE38-42A82B18068A}.Debug|Any CPU.ActiveCfg = Debug|Any CPU
		{81C11E08-B065-474F-BE38-42A82B18068A}.Debug|Any CPU.Build.0 = Debug|Any CPU
		{81C11E08-B065-474F-BE38-42A82B18068A}.Release|Any CPU.ActiveCfg = Release|Any CPU
		{81C11E08-B065-474F-BE38-42A82B18068A}.Release|Any CPU.Build.0 = Release|Any CPU
	EndGlobalSection
	GlobalSection(SolutionProperties) = preSolution
		HideSolutionNode = FALSE
	EndGlobalSection
	GlobalSection(NestedProjects) = preSolution
		{95CBBBF1-1E4D-4FA1-9130-2DDF713C47C7} = {56650EA8-1309-475E-ABF7-D5C91AD0D40F}
		{13001123-3233-4D03-8783-8668D3B21878} = {97AE4FC7-4EB6-41F3-8453-2CEB13966DF3}
		{DDAAAD6D-003F-402D-9943-B901ED214B3A} = {97AE4FC7-4EB6-41F3-8453-2CEB13966DF3}
		{96A038B6-05C8-4F6F-B738-1A5E088892B0} = {97AE4FC7-4EB6-41F3-8453-2CEB13966DF3}
		{2D30A8F1-39F5-4FCE-A94A-D159FE4D5937} = {97AE4FC7-4EB6-41F3-8453-2CEB13966DF3}
		{20C413BE-4551-4989-B53B-3FB0C7C59421} = {97AE4FC7-4EB6-41F3-8453-2CEB13966DF3}
		{844F3F76-9F30-4E9F-816A-0C266AF5CB2F} = {7A207802-637B-4EDE-9F20-55DFD7CA4C78}
		{3778752C-9B75-47BA-826D-9BE77B2A793A} = {7A207802-637B-4EDE-9F20-55DFD7CA4C78}
		{6A0F8E36-ED56-4AD8-B750-B5D4B60FF375} = {7A207802-637B-4EDE-9F20-55DFD7CA4C78}
		{CFCB0D1D-73E2-4F03-AA92-85F06CB51E62} = {7A207802-637B-4EDE-9F20-55DFD7CA4C78}
		{D81420FF-C5D2-4902-9520-65BB29EAACE7} = {D6D2C351-BE97-4983-9C10-5E5CCBFA302E}
		{B2CC41AB-36F9-4778-9A9E-9BF923B6F638} = {D6D2C351-BE97-4983-9C10-5E5CCBFA302E}
		{4A19A3E4-7B1A-4F8B-AB1E-5ABB343F3DAB} = {BFE4196E-0629-41B1-A6EA-DA6F879B8810}
		{08FBB801-CD38-428A-BA3D-FD136DF7E9F5} = {BFE4196E-0629-41B1-A6EA-DA6F879B8810}
		{4B16C944-E388-40E9-9194-221DB141B5A1} = {BFE4196E-0629-41B1-A6EA-DA6F879B8810}
		{B1FB0A50-0D9D-4D55-ABC5-FAEBEBB44028} = {BFE4196E-0629-41B1-A6EA-DA6F879B8810}
		{BCA9DCF9-7F6A-4614-99B0-3E5952C9EC0D} = {7F39F510-21AF-4C6A-B5DE-1D88047E47CC}
		{4131D2D6-9EF0-42F9-8E23-2E27E55D3DA1} = {7F39F510-21AF-4C6A-B5DE-1D88047E47CC}
		{961EEFAB-B001-4F3E-8A96-98904B5DE205} = {56650EA8-1309-475E-ABF7-D5C91AD0D40F}
		{1047707C-659C-4413-9C28-4F3907BF006B} = {56650EA8-1309-475E-ABF7-D5C91AD0D40F}
		{2BFACDC3-F44D-4199-8498-F5C3C4AC0335} = {52C142AB-ADB1-4DA2-8A50-5C37AB3320B3}
		{E461C0A8-8900-485C-B520-E929BA33F712} = {52C142AB-ADB1-4DA2-8A50-5C37AB3320B3}
		{BE3AB301-0978-4DA2-B2AB-4AD682875F3E} = {8C18334B-2080-47FA-AABF-B75F55B89C84}
		{F471F99C-3ADB-4DE3-ADA3-EC7CC9F8B4D7} = {8C18334B-2080-47FA-AABF-B75F55B89C84}
		{740F8322-11D1-49C2-B949-4D22DFD7BBBF} = {8C18334B-2080-47FA-AABF-B75F55B89C84}
		{39B1BA83-197D-4DF2-811B-67ACA558AE50} = {D0004997-646C-4229-93B9-C15C2B555EAA}
		{F67D2BB9-93D2-4627-A310-189396DBA219} = {D0004997-646C-4229-93B9-C15C2B555EAA}
		{40EB6690-EBF7-4F89-881B-67F299640831} = {D0004997-646C-4229-93B9-C15C2B555EAA}
		{4EAF02BF-5D5D-474B-B140-215FE99BDCC4} = {D0004997-646C-4229-93B9-C15C2B555EAA}
		{ABB2778F-1E8B-45D5-8986-068F54301DBF} = {25A93BB8-71B7-4590-A577-316135B04345}
		{889DB3BC-ECDE-4DBD-A615-D19684922B17} = {1D882CCD-5B7F-4516-B7B5-E69E1CE9EDC5}
		{2F861392-88CF-44EA-A3E2-F5F2AD52E220} = {42A6231B-5321-44E4-8AF8-A33477125F8A}
		{E20FE027-818E-4648-9958-1217D115815C} = {42A6231B-5321-44E4-8AF8-A33477125F8A}
		{6520BCBD-E7E2-4601-AA32-BE2658F1F627} = {E20FE027-818E-4648-9958-1217D115815C}
		{4D1A8807-D808-4188-A4B7-B48960BD40E3} = {E20FE027-818E-4648-9958-1217D115815C}
		{718C0554-DF97-4F7B-911F-ECFFE506D328} = {42A6231B-5321-44E4-8AF8-A33477125F8A}
		{965F0C59-BCF7-4193-9381-5B67A2106157} = {42A6231B-5321-44E4-8AF8-A33477125F8A}
		{5564509F-FDD3-43E5-A4AA-88A899333B30} = {965F0C59-BCF7-4193-9381-5B67A2106157}
		{A2E7B87D-22E5-45A8-A2D7-EC79AB113E28} = {A68DB001-9C71-4DB2-A201-D89C63C52FBA}
		{69BFDF54-CA4D-46A2-9F5F-56770670B284} = {A68DB001-9C71-4DB2-A201-D89C63C52FBA}
		{6ABA64B2-CC13-4DD2-A7FC-D149889D833D} = {8D766E68-50A7-4F48-9E15-E5EF48481903}
		{2F61E52F-632C-442C-89F0-90FB76875CC2} = {DEA290A9-5585-4373-9944-DA22F56EA8B6}
		{68562C23-6916-4478-8D6A-D518647E4B28} = {DEA290A9-5585-4373-9944-DA22F56EA8B6}
		{5260AC94-563F-40B8-9E6A-5A846EF05BAE} = {B1A62234-FC45-42C1-ABD0-01716F7EAAD4}
		{608D8BD9-638E-4A35-B8A3-0403D40AFF1D} = {B1A62234-FC45-42C1-ABD0-01716F7EAAD4}
		{BEF266F1-D75F-4593-9421-2B56D4525716} = {B1A62234-FC45-42C1-ABD0-01716F7EAAD4}
		{C76D2789-9D6E-42A3-9FB2-2CB0CB9F991A} = {B1A62234-FC45-42C1-ABD0-01716F7EAAD4}
		{20830933-646E-492B-A5C0-860240D67E55} = {B1A62234-FC45-42C1-ABD0-01716F7EAAD4}
		{F78D281B-C615-40F5-B7A0-A9B6142FC306} = {D2C83C4E-CD8B-4CBB-A65D-E8E8042FB6F4}
		{81C11E08-B065-474F-BE38-42A82B18068A} = {D2C83C4E-CD8B-4CBB-A65D-E8E8042FB6F4}
	EndGlobalSection
	GlobalSection(ExtensibilityGlobals) = postSolution
		SolutionGuid = {83B99BCB-FB33-42C3-82E0-B563D0E24182}
	EndGlobalSection
EndGlobal
